
Microsoft Visual Studio Solution File, Format Version 12.00
# Visual Studio Version 17
VisualStudioVersion = 17.1.32210.238
MinimumVisualStudioVersion = 10.0.40219.1
Project("{FAE04EC0-301F-11D3-BF4B-00C04F79EFBC}") = "AssociationAlgorithmExample", "AssociationAlgorithmExample\AssociationAlgorithmExample.csproj", "{C9567893-53DD-48B4-93ED-2FA7998FB1A2}"
EndProject
Global
	GlobalSection(SolutionConfigurationPlatforms) = preSolution
		Debug|Any CPU = Debug|Any CPU
		Release|Any CPU = Release|Any CPU
	EndGlobalSection
	GlobalSection(ProjectConfigurationPlatforms) = postSolution
		{C9567893-53DD-48B4-93ED-2FA7998FB1A2}.Debug|Any CPU.ActiveCfg = Debug|Any CPU
		{C9567893-53DD-48B4-93ED-2FA7998FB1A2}.Debug|Any CPU.Build.0 = Debug|Any CPU
		{C9567893-53DD-48B4-93ED-2FA7998FB1A2}.Release|Any CPU.ActiveCfg = Release|Any CPU
		{C9567893-53DD-48B4-93ED-2FA7998FB1A2}.Release|Any CPU.Build.0 = Release|Any CPU
	EndGlobalSection
	GlobalSection(SolutionProperties) = preSolution
		HideSolutionNode = FALSE
	EndGlobalSection
	GlobalSection(ExtensibilityGlobals) = postSolution
		SolutionGuid = {AE23AAD8-D36D-4BDB-91D6-7E408A1B7B30}
	EndGlobalSection
EndGlobal
